// !$*UTF8*$!
{
	archiveVersion = 1;
	classes = {
	};
	objectVersion = 50;
	objects = {

/* Begin PBXBuildFile section */
		65B0823FA52B6C8E69733504 /* Pods_TheAdventureDads.framework in Frameworks */ = {isa = PBXBuildFile; fileRef = B769ADC159CA53E0C902A30A /* Pods_TheAdventureDads.framework */; };
		E82B870F20D61EA5009E44D4 /* TripCell.swift in Sources */ = {isa = PBXBuildFile; fileRef = E82B870E20D61EA5009E44D4 /* TripCell.swift */; };
		E82B871220D61EC7009E44D4 /* MeetupCell.swift in Sources */ = {isa = PBXBuildFile; fileRef = E82B871120D61EC7009E44D4 /* MeetupCell.swift */; };
		E83191F120CDD5B600CA7CBE /* InstagramFeed.swift in Sources */ = {isa = PBXBuildFile; fileRef = E83191F020CDD5B600CA7CBE /* InstagramFeed.swift */; };
		E83191F320CDECD800CA7CBE /* VideoCell.swift in Sources */ = {isa = PBXBuildFile; fileRef = E83191F220CDECD800CA7CBE /* VideoCell.swift */; };
		E83191F620CE70B800CA7CBE /* YoutubeFeed.swift in Sources */ = {isa = PBXBuildFile; fileRef = E83191F520CE70B800CA7CBE /* YoutubeFeed.swift */; };
		E8447E0320D5D30C00317A57 /* TabBarController.storyboard in Resources */ = {isa = PBXBuildFile; fileRef = E8447E0520D5D30C00317A57 /* TabBarController.storyboard */; };
		E8447E0720D5F2C900317A57 /* PodcastCell.swift in Sources */ = {isa = PBXBuildFile; fileRef = E8447E0620D5F2C900317A57 /* PodcastCell.swift */; };
		E8447E0A20D5FC8D00317A57 /* PodcastFeed.swift in Sources */ = {isa = PBXBuildFile; fileRef = E8447E0920D5FC8D00317A57 /* PodcastFeed.swift */; };
		E87A112320DB01470073E978 /* MeetupPageDetailController.swift in Sources */ = {isa = PBXBuildFile; fileRef = E87A112220DB01470073E978 /* MeetupPageDetailController.swift */; };
		E87A112520DB05B30073E978 /* Mappin.swift in Sources */ = {isa = PBXBuildFile; fileRef = E87A112420DB05B30073E978 /* Mappin.swift */; };
		E87A112A20E0E5210073E978 /* GoogleService-Info (4).plist in Resources */ = {isa = PBXBuildFile; fileRef = E87A112920E0E5210073E978 /* GoogleService-Info (4).plist */; };
		E880A48D20B54E71001F580C /* AppDelegate.swift in Sources */ = {isa = PBXBuildFile; fileRef = E880A48C20B54E71001F580C /* AppDelegate.swift */; };
		E880A49420B54E72001F580C /* Assets.xcassets in Resources */ = {isa = PBXBuildFile; fileRef = E880A49320B54E72001F580C /* Assets.xcassets */; };
		E880A49720B54E72001F580C /* LaunchScreen.storyboard in Resources */ = {isa = PBXBuildFile; fileRef = E880A49520B54E72001F580C /* LaunchScreen.storyboard */; };
		E880A4A920B54FDB001F580C /* FeedPageController.swift in Sources */ = {isa = PBXBuildFile; fileRef = E880A4A820B54FDB001F580C /* FeedPageController.swift */; };
		E880A4AB20B54FF1001F580C /* FeedPageController.storyboard in Resources */ = {isa = PBXBuildFile; fileRef = E880A4AA20B54FF1001F580C /* FeedPageController.storyboard */; };
		E880A4AD20B55006001F580C /* VideoPageController.swift in Sources */ = {isa = PBXBuildFile; fileRef = E880A4AC20B55006001F580C /* VideoPageController.swift */; };
		E880A4AF20B55018001F580C /* VideoPageController.storyboard in Resources */ = {isa = PBXBuildFile; fileRef = E880A4AE20B55018001F580C /* VideoPageController.storyboard */; };
		E880A4B120B55030001F580C /* MeetupPageController.swift in Sources */ = {isa = PBXBuildFile; fileRef = E880A4B020B55030001F580C /* MeetupPageController.swift */; };
		E880A4B520B5504D001F580C /* TripsPageController.swift in Sources */ = {isa = PBXBuildFile; fileRef = E880A4B420B5504D001F580C /* TripsPageController.swift */; };
		E880A4B720B5505B001F580C /* TripsPageController.storyboard in Resources */ = {isa = PBXBuildFile; fileRef = E880A4B620B5505B001F580C /* TripsPageController.storyboard */; };
		E880A4B920B5506E001F580C /* PodcastPageController.swift in Sources */ = {isa = PBXBuildFile; fileRef = E880A4B820B5506E001F580C /* PodcastPageController.swift */; };
		E880A4BB20B55084001F580C /* PodcastPageController.storyboard in Resources */ = {isa = PBXBuildFile; fileRef = E880A4BA20B55084001F580C /* PodcastPageController.storyboard */; };
		E880A4E420BCD01C001F580C /* FeedCell.swift in Sources */ = {isa = PBXBuildFile; fileRef = E880A4E320BCD01C001F580C /* FeedCell.swift */; };
		E8F7B11420D654C1000A929D /* MeetupPageController.storyboard in Resources */ = {isa = PBXBuildFile; fileRef = E8F7B11320D654C1000A929D /* MeetupPageController.storyboard */; };
/* End PBXBuildFile section */

/* Begin PBXFileReference section */
		4A234CDF04D0183FFC55DF34 /* Pods-TheAdventureDads.release.xcconfig */ = {isa = PBXFileReference; includeInIndex = 1; lastKnownFileType = text.xcconfig; name = "Pods-TheAdventureDads.release.xcconfig"; path = "Pods/Target Support Files/Pods-TheAdventureDads/Pods-TheAdventureDads.release.xcconfig"; sourceTree = "<group>"; };
		96B2BB9081308E5B8A6C2E7F /* Pods-TheAdventureDads.debug.xcconfig */ = {isa = PBXFileReference; includeInIndex = 1; lastKnownFileType = text.xcconfig; name = "Pods-TheAdventureDads.debug.xcconfig"; path = "Pods/Target Support Files/Pods-TheAdventureDads/Pods-TheAdventureDads.debug.xcconfig"; sourceTree = "<group>"; };
		B769ADC159CA53E0C902A30A /* Pods_TheAdventureDads.framework */ = {isa = PBXFileReference; explicitFileType = wrapper.framework; includeInIndex = 0; path = Pods_TheAdventureDads.framework; sourceTree = BUILT_PRODUCTS_DIR; };
		E82B870E20D61EA5009E44D4 /* TripCell.swift */ = {isa = PBXFileReference; lastKnownFileType = sourcecode.swift; path = TripCell.swift; sourceTree = "<group>"; };
		E82B871120D61EC7009E44D4 /* MeetupCell.swift */ = {isa = PBXFileReference; lastKnownFileType = sourcecode.swift; path = MeetupCell.swift; sourceTree = "<group>"; };
		E83191F020CDD5B600CA7CBE /* InstagramFeed.swift */ = {isa = PBXFileReference; lastKnownFileType = sourcecode.swift; path = InstagramFeed.swift; sourceTree = "<group>"; };
		E83191F220CDECD800CA7CBE /* VideoCell.swift */ = {isa = PBXFileReference; lastKnownFileType = sourcecode.swift; path = VideoCell.swift; sourceTree = "<group>"; };
		E83191F520CE70B800CA7CBE /* YoutubeFeed.swift */ = {isa = PBXFileReference; lastKnownFileType = sourcecode.swift; path = YoutubeFeed.swift; sourceTree = "<group>"; };
		E8447E0420D5D30C00317A57 /* Base */ = {isa = PBXFileReference; lastKnownFileType = file.storyboard; name = Base; path = Base.lproj/TabBarController.storyboard; sourceTree = "<group>"; };
		E8447E0620D5F2C900317A57 /* PodcastCell.swift */ = {isa = PBXFileReference; lastKnownFileType = sourcecode.swift; path = PodcastCell.swift; sourceTree = "<group>"; };
		E8447E0920D5FC8D00317A57 /* PodcastFeed.swift */ = {isa = PBXFileReference; lastKnownFileType = sourcecode.swift; path = PodcastFeed.swift; sourceTree = "<group>"; };
		E87A112220DB01470073E978 /* MeetupPageDetailController.swift */ = {isa = PBXFileReference; lastKnownFileType = sourcecode.swift; path = MeetupPageDetailController.swift; sourceTree = "<group>"; };
		E87A112420DB05B30073E978 /* Mappin.swift */ = {isa = PBXFileReference; lastKnownFileType = sourcecode.swift; path = Mappin.swift; sourceTree = "<group>"; };
		E87A112920E0E5210073E978 /* GoogleService-Info (4).plist */ = {isa = PBXFileReference; fileEncoding = 4; lastKnownFileType = text.plist.xml; name = "GoogleService-Info (4).plist"; path = "../../../Downloads/GoogleService-Info (4).plist"; sourceTree = "<group>"; };
		E880A48920B54E71001F580C /* TheAdventureDads.app */ = {isa = PBXFileReference; explicitFileType = wrapper.application; includeInIndex = 0; path = TheAdventureDads.app; sourceTree = BUILT_PRODUCTS_DIR; };
		E880A48C20B54E71001F580C /* AppDelegate.swift */ = {isa = PBXFileReference; lastKnownFileType = sourcecode.swift; path = AppDelegate.swift; sourceTree = "<group>"; };
		E880A49320B54E72001F580C /* Assets.xcassets */ = {isa = PBXFileReference; lastKnownFileType = folder.assetcatalog; path = Assets.xcassets; sourceTree = "<group>"; };
		E880A49620B54E72001F580C /* Base */ = {isa = PBXFileReference; lastKnownFileType = file.storyboard; name = Base; path = Base.lproj/LaunchScreen.storyboard; sourceTree = "<group>"; };
		E880A49820B54E73001F580C /* Info.plist */ = {isa = PBXFileReference; lastKnownFileType = text.plist.xml; path = Info.plist; sourceTree = "<group>"; };
		E880A4A820B54FDB001F580C /* FeedPageController.swift */ = {isa = PBXFileReference; lastKnownFileType = sourcecode.swift; path = FeedPageController.swift; sourceTree = "<group>"; };
		E880A4AA20B54FF1001F580C /* FeedPageController.storyboard */ = {isa = PBXFileReference; lastKnownFileType = file.storyboard; path = FeedPageController.storyboard; sourceTree = "<group>"; };
		E880A4AC20B55006001F580C /* VideoPageController.swift */ = {isa = PBXFileReference; lastKnownFileType = sourcecode.swift; path = VideoPageController.swift; sourceTree = "<group>"; };
		E880A4AE20B55018001F580C /* VideoPageController.storyboard */ = {isa = PBXFileReference; lastKnownFileType = file.storyboard; path = VideoPageController.storyboard; sourceTree = "<group>"; };
		E880A4B020B55030001F580C /* MeetupPageController.swift */ = {isa = PBXFileReference; lastKnownFileType = sourcecode.swift; path = MeetupPageController.swift; sourceTree = "<group>"; };
		E880A4B420B5504D001F580C /* TripsPageController.swift */ = {isa = PBXFileReference; lastKnownFileType = sourcecode.swift; path = TripsPageController.swift; sourceTree = "<group>"; };
		E880A4B620B5505B001F580C /* TripsPageController.storyboard */ = {isa = PBXFileReference; lastKnownFileType = file.storyboard; path = TripsPageController.storyboard; sourceTree = "<group>"; };
		E880A4B820B5506E001F580C /* PodcastPageController.swift */ = {isa = PBXFileReference; lastKnownFileType = sourcecode.swift; path = PodcastPageController.swift; sourceTree = "<group>"; };
		E880A4BA20B55084001F580C /* PodcastPageController.storyboard */ = {isa = PBXFileReference; lastKnownFileType = file.storyboard; path = PodcastPageController.storyboard; sourceTree = "<group>"; };
		E880A4E320BCD01C001F580C /* FeedCell.swift */ = {isa = PBXFileReference; lastKnownFileType = sourcecode.swift; path = FeedCell.swift; sourceTree = "<group>"; };
		E8F7B11320D654C1000A929D /* MeetupPageController.storyboard */ = {isa = PBXFileReference; fileEncoding = 4; lastKnownFileType = file.storyboard; path = MeetupPageController.storyboard; sourceTree = "<group>"; };
/* End PBXFileReference section */

/* Begin PBXFrameworksBuildPhase section */
		E880A48620B54E71001F580C /* Frameworks */ = {
			isa = PBXFrameworksBuildPhase;
			buildActionMask = 2147483647;
			files = (
				65B0823FA52B6C8E69733504 /* Pods_TheAdventureDads.framework in Frameworks */,
			);
			runOnlyForDeploymentPostprocessing = 0;
		};
/* End PBXFrameworksBuildPhase section */

/* Begin PBXGroup section */
		76714584E1CCFD0C133FC30C /* Pods */ = {
			isa = PBXGroup;
			children = (
				96B2BB9081308E5B8A6C2E7F /* Pods-TheAdventureDads.debug.xcconfig */,
				4A234CDF04D0183FFC55DF34 /* Pods-TheAdventureDads.release.xcconfig */,
			);
			name = Pods;
			sourceTree = "<group>";
		};
		BD7CC23309D8F1E589C789D4 /* Frameworks */ = {
			isa = PBXGroup;
			children = (
				B769ADC159CA53E0C902A30A /* Pods_TheAdventureDads.framework */,
			);
			name = Frameworks;
			sourceTree = "<group>";
		};
		E82B871020D61EAA009E44D4 /* Cell */ = {
			isa = PBXGroup;
			children = (
				E82B870E20D61EA5009E44D4 /* TripCell.swift */,
			);
			name = Cell;
			path = "New Group";
			sourceTree = "<group>";
		};
		E82B871320D61ECD009E44D4 /* Cell */ = {
			isa = PBXGroup;
			children = (
				E82B871120D61EC7009E44D4 /* MeetupCell.swift */,
			);
			name = Cell;
			path = "New Group";
			sourceTree = "<group>";
		};
		E83191EF20CDD4FA00CA7CBE /* Models */ = {
			isa = PBXGroup;
			children = (
				E83191F020CDD5B600CA7CBE /* InstagramFeed.swift */,
				E83191F520CE70B800CA7CBE /* YoutubeFeed.swift */,
				E8447E0920D5FC8D00317A57 /* PodcastFeed.swift */,
			);
			path = Models;
			sourceTree = "<group>";
		};
		E83191F420CDECDF00CA7CBE /* Cell */ = {
			isa = PBXGroup;
			children = (
				E83191F220CDECD800CA7CBE /* VideoCell.swift */,
			);
			name = Cell;
			path = "New Group";
			sourceTree = "<group>";
		};
		E8447E0820D5F2D000317A57 /* Cell */ = {
			isa = PBXGroup;
			children = (
				E8447E0620D5F2C900317A57 /* PodcastCell.swift */,
			);
			name = Cell;
			path = "New Group";
			sourceTree = "<group>";
		};
		E87A112620DB05BB0073E978 /* Pin */ = {
			isa = PBXGroup;
			children = (
				E87A112420DB05B30073E978 /* Mappin.swift */,
			);
			path = Pin;
			sourceTree = "<group>";
		};
		E880A48020B54E71001F580C = {
			isa = PBXGroup;
			children = (
				E87A112920E0E5210073E978 /* GoogleService-Info (4).plist */,
				E880A48B20B54E71001F580C /* TheAdventureDads */,
				E880A48A20B54E71001F580C /* Products */,
				76714584E1CCFD0C133FC30C /* Pods */,
				BD7CC23309D8F1E589C789D4 /* Frameworks */,
			);
			sourceTree = "<group>";
		};
		E880A48A20B54E71001F580C /* Products */ = {
			isa = PBXGroup;
			children = (
				E880A48920B54E71001F580C /* TheAdventureDads.app */,
			);
			name = Products;
			sourceTree = "<group>";
		};
		E880A48B20B54E71001F580C /* TheAdventureDads */ = {
			isa = PBXGroup;
			children = (
				E83191EF20CDD4FA00CA7CBE /* Models */,
				E880A49F20B54E90001F580C /* AppDelegate */,
				E880A4A020B54EE2001F580C /* Modules */,
				E880A49E20B54E7C001F580C /* Utilities */,
			);
			path = TheAdventureDads;
			sourceTree = "<group>";
		};
		E880A49E20B54E7C001F580C /* Utilities */ = {
			isa = PBXGroup;
			children = (
				E880A49320B54E72001F580C /* Assets.xcassets */,
				E880A49520B54E72001F580C /* LaunchScreen.storyboard */,
				E880A49820B54E73001F580C /* Info.plist */,
			);
			path = Utilities;
			sourceTree = "<group>";
		};
		E880A49F20B54E90001F580C /* AppDelegate */ = {
			isa = PBXGroup;
			children = (
				E880A48C20B54E71001F580C /* AppDelegate.swift */,
			);
			path = AppDelegate;
			sourceTree = "<group>";
		};
		E880A4A020B54EE2001F580C /* Modules */ = {
			isa = PBXGroup;
			children = (
				E880A4A720B54F6D001F580C /* TabBar */,
			);
			path = Modules;
			sourceTree = "<group>";
		};
		E880A4A120B54EEB001F580C /* Tabbar */ = {
			isa = PBXGroup;
			children = (
				E8447E0520D5D30C00317A57 /* TabBarController.storyboard */,
			);
			path = Tabbar;
			sourceTree = "<group>";
		};
		E880A4A220B54EF4001F580C /* FeedPage */ = {
			isa = PBXGroup;
			children = (
				E880A4A820B54FDB001F580C /* FeedPageController.swift */,
				E880A4AA20B54FF1001F580C /* FeedPageController.storyboard */,
				E880A4E520BCD022001F580C /* Cell */,
			);
			path = FeedPage;
			sourceTree = "<group>";
		};
		E880A4A320B54F08001F580C /* VideoPage */ = {
			isa = PBXGroup;
			children = (
				E880A4AC20B55006001F580C /* VideoPageController.swift */,
				E880A4AE20B55018001F580C /* VideoPageController.storyboard */,
				E83191F420CDECDF00CA7CBE /* Cell */,
			);
			path = VideoPage;
			sourceTree = "<group>";
		};
		E880A4A420B54F0F001F580C /* MeetupPage */ = {
			isa = PBXGroup;
			children = (
				E880A4B020B55030001F580C /* MeetupPageController.swift */,
				E8F7B11320D654C1000A929D /* MeetupPageController.storyboard */,
				E87A112220DB01470073E978 /* MeetupPageDetailController.swift */,
				E82B871320D61ECD009E44D4 /* Cell */,
				E87A112620DB05BB0073E978 /* Pin */,
			);
			path = MeetupPage;
			sourceTree = "<group>";
		};
		E880A4A520B54F19001F580C /* TripsPage */ = {
			isa = PBXGroup;
			children = (
				E880A4B420B5504D001F580C /* TripsPageController.swift */,
				E880A4B620B5505B001F580C /* TripsPageController.storyboard */,
				E82B871020D61EAA009E44D4 /* Cell */,
			);
			path = TripsPage;
			sourceTree = "<group>";
		};
		E880A4A620B54F3B001F580C /* PodcastPage */ = {
			isa = PBXGroup;
			children = (
				E880A4B820B5506E001F580C /* PodcastPageController.swift */,
				E880A4BA20B55084001F580C /* PodcastPageController.storyboard */,
				E8447E0820D5F2D000317A57 /* Cell */,
			);
			path = PodcastPage;
			sourceTree = "<group>";
		};
		E880A4A720B54F6D001F580C /* TabBar */ = {
			isa = PBXGroup;
			children = (
				E880A4A120B54EEB001F580C /* Tabbar */,
				E880A4A220B54EF4001F580C /* FeedPage */,
				E880A4A320B54F08001F580C /* VideoPage */,
				E880A4A520B54F19001F580C /* TripsPage */,
				E880A4A620B54F3B001F580C /* PodcastPage */,
				E880A4A420B54F0F001F580C /* MeetupPage */,
			);
			path = TabBar;
			sourceTree = "<group>";
		};
		E880A4E520BCD022001F580C /* Cell */ = {
			isa = PBXGroup;
			children = (
				E880A4E320BCD01C001F580C /* FeedCell.swift */,
			);
			name = Cell;
			path = "New Group1";
			sourceTree = "<group>";
		};
/* End PBXGroup section */

/* Begin PBXNativeTarget section */
		E880A48820B54E71001F580C /* TheAdventureDads */ = {
			isa = PBXNativeTarget;
			buildConfigurationList = E880A49B20B54E73001F580C /* Build configuration list for PBXNativeTarget "TheAdventureDads" */;
			buildPhases = (
				8390F8EEB54FB57323B97A06 /* [CP] Check Pods Manifest.lock */,
				E880A48520B54E71001F580C /* Sources */,
				E880A48620B54E71001F580C /* Frameworks */,
				E880A48720B54E71001F580C /* Resources */,
				5BEB4C591404796AC1F204E5 /* [CP] Embed Pods Frameworks */,
			);
			buildRules = (
			);
			dependencies = (
			);
			name = TheAdventureDads;
			productName = TheAdventureDads;
			productReference = E880A48920B54E71001F580C /* TheAdventureDads.app */;
			productType = "com.apple.product-type.application";
		};
/* End PBXNativeTarget section */

/* Begin PBXProject section */
		E880A48120B54E71001F580C /* Project object */ = {
			isa = PBXProject;
			attributes = {
				LastSwiftUpdateCheck = 0930;
				LastUpgradeCheck = 0930;
				ORGANIZATIONNAME = "joseph nelson";
				TargetAttributes = {
					E880A48820B54E71001F580C = {
						CreatedOnToolsVersion = 9.3;
					};
				};
			};
			buildConfigurationList = E880A48420B54E71001F580C /* Build configuration list for PBXProject "TheAdventureDads" */;
			compatibilityVersion = "Xcode 9.3";
			developmentRegion = en;
			hasScannedForEncodings = 0;
			knownRegions = (
				en,
				Base,
			);
			mainGroup = E880A48020B54E71001F580C;
			productRefGroup = E880A48A20B54E71001F580C /* Products */;
			projectDirPath = "";
			projectRoot = "";
			targets = (
				E880A48820B54E71001F580C /* TheAdventureDads */,
			);
		};
/* End PBXProject section */

/* Begin PBXResourcesBuildPhase section */
		E880A48720B54E71001F580C /* Resources */ = {
			isa = PBXResourcesBuildPhase;
			buildActionMask = 2147483647;
			files = (
				E8447E0320D5D30C00317A57 /* TabBarController.storyboard in Resources */,
				E87A112A20E0E5210073E978 /* GoogleService-Info (4).plist in Resources */,
				E880A49720B54E72001F580C /* LaunchScreen.storyboard in Resources */,
				E880A4AF20B55018001F580C /* VideoPageController.storyboard in Resources */,
				E880A4AB20B54FF1001F580C /* FeedPageController.storyboard in Resources */,
				E880A49420B54E72001F580C /* Assets.xcassets in Resources */,
				E880A4BB20B55084001F580C /* PodcastPageController.storyboard in Resources */,
				E880A4B720B5505B001F580C /* TripsPageController.storyboard in Resources */,
				E8F7B11420D654C1000A929D /* MeetupPageController.storyboard in Resources */,
			);
			runOnlyForDeploymentPostprocessing = 0;
		};
/* End PBXResourcesBuildPhase section */

/* Begin PBXShellScriptBuildPhase section */
		5BEB4C591404796AC1F204E5 /* [CP] Embed Pods Frameworks */ = {
			isa = PBXShellScriptBuildPhase;
			buildActionMask = 2147483647;
			files = (
			);
			inputPaths = (
				"${SRCROOT}/Pods/Target Support Files/Pods-TheAdventureDads/Pods-TheAdventureDads-frameworks.sh",
				"${BUILT_PRODUCTS_DIR}/Alamofire/Alamofire.framework",
				"${BUILT_PRODUCTS_DIR}/GoogleToolboxForMac/GoogleToolboxForMac.framework",
				"${BUILT_PRODUCTS_DIR}/Kingfisher/Kingfisher.framework",
				"${BUILT_PRODUCTS_DIR}/SwiftyJSON/SwiftyJSON.framework",
				"${BUILT_PRODUCTS_DIR}/YouTubePlayer/YouTubePlayer.framework",
				"${BUILT_PRODUCTS_DIR}/nanopb/nanopb.framework",
			);
			name = "[CP] Embed Pods Frameworks";
			outputPaths = (
				"${TARGET_BUILD_DIR}/${FRAMEWORKS_FOLDER_PATH}/Alamofire.framework",
				"${TARGET_BUILD_DIR}/${FRAMEWORKS_FOLDER_PATH}/GoogleToolboxForMac.framework",
				"${TARGET_BUILD_DIR}/${FRAMEWORKS_FOLDER_PATH}/Kingfisher.framework",
				"${TARGET_BUILD_DIR}/${FRAMEWORKS_FOLDER_PATH}/SwiftyJSON.framework",
				"${TARGET_BUILD_DIR}/${FRAMEWORKS_FOLDER_PATH}/YouTubePlayer.framework",
				"${TARGET_BUILD_DIR}/${FRAMEWORKS_FOLDER_PATH}/nanopb.framework",
			);
			runOnlyForDeploymentPostprocessing = 0;
			shellPath = /bin/sh;
			shellScript = "\"${SRCROOT}/Pods/Target Support Files/Pods-TheAdventureDads/Pods-TheAdventureDads-frameworks.sh\"\n";
			showEnvVarsInLog = 0;
		};
		8390F8EEB54FB57323B97A06 /* [CP] Check Pods Manifest.lock */ = {
			isa = PBXShellScriptBuildPhase;
			buildActionMask = 2147483647;
			files = (
			);
			inputPaths = (
				"${PODS_PODFILE_DIR_PATH}/Podfile.lock",
				"${PODS_ROOT}/Manifest.lock",
			);
			name = "[CP] Check Pods Manifest.lock";
			outputPaths = (
				"$(DERIVED_FILE_DIR)/Pods-TheAdventureDads-checkManifestLockResult.txt",
			);
			runOnlyForDeploymentPostprocessing = 0;
			shellPath = /bin/sh;
			shellScript = "diff \"${PODS_PODFILE_DIR_PATH}/Podfile.lock\" \"${PODS_ROOT}/Manifest.lock\" > /dev/null\nif [ $? != 0 ] ; then\n    # print error to STDERR\n    echo \"error: The sandbox is not in sync with the Podfile.lock. Run 'pod install' or update your CocoaPods installation.\" >&2\n    exit 1\nfi\n# This output is used by Xcode 'outputs' to avoid re-running this script phase.\necho \"SUCCESS\" > \"${SCRIPT_OUTPUT_FILE_0}\"\n";
			showEnvVarsInLog = 0;
		};
/* End PBXShellScriptBuildPhase section */

/* Begin PBXSourcesBuildPhase section */
		E880A48520B54E71001F580C /* Sources */ = {
			isa = PBXSourcesBuildPhase;
			buildActionMask = 2147483647;
			files = (
				E82B870F20D61EA5009E44D4 /* TripCell.swift in Sources */,
				E880A4B120B55030001F580C /* MeetupPageController.swift in Sources */,
				E83191F120CDD5B600CA7CBE /* InstagramFeed.swift in Sources */,
				E83191F620CE70B800CA7CBE /* YoutubeFeed.swift in Sources */,
				E87A112320DB01470073E978 /* MeetupPageDetailController.swift in Sources */,
				E880A4AD20B55006001F580C /* VideoPageController.swift in Sources */,
				E880A4A920B54FDB001F580C /* FeedPageController.swift in Sources */,
				E83191F320CDECD800CA7CBE /* VideoCell.swift in Sources */,
				E880A4B920B5506E001F580C /* PodcastPageController.swift in Sources */,
				E880A48D20B54E71001F580C /* AppDelegate.swift in Sources */,
				E8447E0720D5F2C900317A57 /* PodcastCell.swift in Sources */,
				E880A4E420BCD01C001F580C /* FeedCell.swift in Sources */,
				E87A112520DB05B30073E978 /* Mappin.swift in Sources */,
				E8447E0A20D5FC8D00317A57 /* PodcastFeed.swift in Sources */,
				E880A4B520B5504D001F580C /* TripsPageController.swift in Sources */,
				E82B871220D61EC7009E44D4 /* MeetupCell.swift in Sources */,
			);
			runOnlyForDeploymentPostprocessing = 0;
		};
/* End PBXSourcesBuildPhase section */

/* Begin PBXVariantGroup section */
		E8447E0520D5D30C00317A57 /* TabBarController.storyboard */ = {
			isa = PBXVariantGroup;
			children = (
				E8447E0420D5D30C00317A57 /* Base */,
			);
			name = TabBarController.storyboard;
			sourceTree = "<group>";
		};
		E880A49520B54E72001F580C /* LaunchScreen.storyboard */ = {
			isa = PBXVariantGroup;
			children = (
				E880A49620B54E72001F580C /* Base */,
			);
			name = LaunchScreen.storyboard;
			sourceTree = "<group>";
		};
/* End PBXVariantGroup section */

/* Begin XCBuildConfiguration section */
		E880A49920B54E73001F580C /* Debug */ = {
			isa = XCBuildConfiguration;
			buildSettings = {
				ALWAYS_SEARCH_USER_PATHS = NO;
				CLANG_ANALYZER_NONNULL = YES;
				CLANG_ANALYZER_NUMBER_OBJECT_CONVERSION = YES_AGGRESSIVE;
				CLANG_CXX_LANGUAGE_STANDARD = "gnu++14";
				CLANG_CXX_LIBRARY = "libc++";
				CLANG_ENABLE_MODULES = YES;
				CLANG_ENABLE_OBJC_ARC = YES;
				CLANG_ENABLE_OBJC_WEAK = YES;
				CLANG_WARN_BLOCK_CAPTURE_AUTORELEASING = YES;
				CLANG_WARN_BOOL_CONVERSION = YES;
				CLANG_WARN_COMMA = YES;
				CLANG_WARN_CONSTANT_CONVERSION = YES;
				CLANG_WARN_DEPRECATED_OBJC_IMPLEMENTATIONS = YES;
				CLANG_WARN_DIRECT_OBJC_ISA_USAGE = YES_ERROR;
				CLANG_WARN_DOCUMENTATION_COMMENTS = YES;
				CLANG_WARN_EMPTY_BODY = YES;
				CLANG_WARN_ENUM_CONVERSION = YES;
				CLANG_WARN_INFINITE_RECURSION = YES;
				CLANG_WARN_INT_CONVERSION = YES;
				CLANG_WARN_NON_LITERAL_NULL_CONVERSION = YES;
				CLANG_WARN_OBJC_IMPLICIT_RETAIN_SELF = YES;
				CLANG_WARN_OBJC_LITERAL_CONVERSION = YES;
				CLANG_WARN_OBJC_ROOT_CLASS = YES_ERROR;
				CLANG_WARN_RANGE_LOOP_ANALYSIS = YES;
				CLANG_WARN_STRICT_PROTOTYPES = YES;
				CLANG_WARN_SUSPICIOUS_MOVE = YES;
				CLANG_WARN_UNGUARDED_AVAILABILITY = YES_AGGRESSIVE;
				CLANG_WARN_UNREACHABLE_CODE = YES;
				CLANG_WARN__DUPLICATE_METHOD_MATCH = YES;
				CODE_SIGN_IDENTITY = "iPhone Developer";
				COPY_PHASE_STRIP = NO;
				DEBUG_INFORMATION_FORMAT = dwarf;
				ENABLE_STRICT_OBJC_MSGSEND = YES;
				ENABLE_TESTABILITY = YES;
				GCC_C_LANGUAGE_STANDARD = gnu11;
				GCC_DYNAMIC_NO_PIC = NO;
				GCC_NO_COMMON_BLOCKS = YES;
				GCC_OPTIMIZATION_LEVEL = 0;
				GCC_PREPROCESSOR_DEFINITIONS = (
					"DEBUG=1",
					"$(inherited)",
				);
				GCC_WARN_64_TO_32_BIT_CONVERSION = YES;
				GCC_WARN_ABOUT_RETURN_TYPE = YES_ERROR;
				GCC_WARN_UNDECLARED_SELECTOR = YES;
				GCC_WARN_UNINITIALIZED_AUTOS = YES_AGGRESSIVE;
				GCC_WARN_UNUSED_FUNCTION = YES;
				GCC_WARN_UNUSED_VARIABLE = YES;
				IPHONEOS_DEPLOYMENT_TARGET = 11.3;
				MTL_ENABLE_DEBUG_INFO = YES;
				ONLY_ACTIVE_ARCH = YES;
				SDKROOT = iphoneos;
				SWIFT_ACTIVE_COMPILATION_CONDITIONS = DEBUG;
				SWIFT_OPTIMIZATION_LEVEL = "-Onone";
			};
			name = Debug;
		};
		E880A49A20B54E73001F580C /* Release */ = {
			isa = XCBuildConfiguration;
			buildSettings = {
				ALWAYS_SEARCH_USER_PATHS = NO;
				CLANG_ANALYZER_NONNULL = YES;
				CLANG_ANALYZER_NUMBER_OBJECT_CONVERSION = YES_AGGRESSIVE;
				CLANG_CXX_LANGUAGE_STANDARD = "gnu++14";
				CLANG_CXX_LIBRARY = "libc++";
				CLANG_ENABLE_MODULES = YES;
				CLANG_ENABLE_OBJC_ARC = YES;
				CLANG_ENABLE_OBJC_WEAK = YES;
				CLANG_WARN_BLOCK_CAPTURE_AUTORELEASING = YES;
				CLANG_WARN_BOOL_CONVERSION = YES;
				CLANG_WARN_COMMA = YES;
				CLANG_WARN_CONSTANT_CONVERSION = YES;
				CLANG_WARN_DEPRECATED_OBJC_IMPLEMENTATIONS = YES;
				CLANG_WARN_DIRECT_OBJC_ISA_USAGE = YES_ERROR;
				CLANG_WARN_DOCUMENTATION_COMMENTS = YES;
				CLANG_WARN_EMPTY_BODY = YES;
				CLANG_WARN_ENUM_CONVERSION = YES;
				CLANG_WARN_INFINITE_RECURSION = YES;
				CLANG_WARN_INT_CONVERSION = YES;
				CLANG_WARN_NON_LITERAL_NULL_CONVERSION = YES;
				CLANG_WARN_OBJC_IMPLICIT_RETAIN_SELF = YES;
				CLANG_WARN_OBJC_LITERAL_CONVERSION = YES;
				CLANG_WARN_OBJC_ROOT_CLASS = YES_ERROR;
				CLANG_WARN_RANGE_LOOP_ANALYSIS = YES;
				CLANG_WARN_STRICT_PROTOTYPES = YES;
				CLANG_WARN_SUSPICIOUS_MOVE = YES;
				CLANG_WARN_UNGUARDED_AVAILABILITY = YES_AGGRESSIVE;
				CLANG_WARN_UNREACHABLE_CODE = YES;
				CLANG_WARN__DUPLICATE_METHOD_MATCH = YES;
				CODE_SIGN_IDENTITY = "iPhone Developer";
				COPY_PHASE_STRIP = NO;
				DEBUG_INFORMATION_FORMAT = "dwarf-with-dsym";
				ENABLE_NS_ASSERTIONS = NO;
				ENABLE_STRICT_OBJC_MSGSEND = YES;
				GCC_C_LANGUAGE_STANDARD = gnu11;
				GCC_NO_COMMON_BLOCKS = YES;
				GCC_WARN_64_TO_32_BIT_CONVERSION = YES;
				GCC_WARN_ABOUT_RETURN_TYPE = YES_ERROR;
				GCC_WARN_UNDECLARED_SELECTOR = YES;
				GCC_WARN_UNINITIALIZED_AUTOS = YES_AGGRESSIVE;
				GCC_WARN_UNUSED_FUNCTION = YES;
				GCC_WARN_UNUSED_VARIABLE = YES;
				IPHONEOS_DEPLOYMENT_TARGET = 11.3;
				MTL_ENABLE_DEBUG_INFO = NO;
				SDKROOT = iphoneos;
				SWIFT_COMPILATION_MODE = wholemodule;
				SWIFT_OPTIMIZATION_LEVEL = "-O";
				VALIDATE_PRODUCT = YES;
			};
			name = Release;
		};
		E880A49C20B54E73001F580C /* Debug */ = {
			isa = XCBuildConfiguration;
			baseConfigurationReference = 96B2BB9081308E5B8A6C2E7F /* Pods-TheAdventureDads.debug.xcconfig */;
			buildSettings = {
				ASSETCATALOG_COMPILER_APPICON_NAME = AppIcon;
				ASSETCATALOG_COMPILER_LAUNCHIMAGE_NAME = LaunchImage;
				CODE_SIGN_STYLE = Automatic;
				INFOPLIST_FILE = "$(SRCROOT)/TheAdventureDads/Utilities/Info.plist";
				LD_RUNPATH_SEARCH_PATHS = (
					"$(inherited)",
					"@executable_path/Frameworks",
				);
				PRODUCT_BUNDLE_IDENTIFIER = com.example.theadventuredads.TheAdventureDads;
				PRODUCT_NAME = "$(TARGET_NAME)";
				SWIFT_VERSION = 4.0;
				TARGETED_DEVICE_FAMILY = 1;
			};
			name = Debug;
		};
		E880A49D20B54E73001F580C /* Release */ = {
			isa = XCBuildConfiguration;
			baseConfigurationReference = 4A234CDF04D0183FFC55DF34 /* Pods-TheAdventureDads.release.xcconfig */;
			buildSettings = {
				ASSETCATALOG_COMPILER_APPICON_NAME = AppIcon;
				ASSETCATALOG_COMPILER_LAUNCHIMAGE_NAME = LaunchImage;
				CODE_SIGN_STYLE = Automatic;
				INFOPLIST_FILE = "$(SRCROOT)/TheAdventureDads/Utilities/Info.plist";
				LD_RUNPATH_SEARCH_PATHS = (
					"$(inherited)",
					"@executable_path/Frameworks",
				);
				PRODUCT_BUNDLE_IDENTIFIER = com.example.theadventuredads.TheAdventureDads;
				PRODUCT_NAME = "$(TARGET_NAME)";
				SWIFT_VERSION = 4.0;
				TARGETED_DEVICE_FAMILY = 1;
			};
			name = Release;
		};
/* End XCBuildConfiguration section */

/* Begin XCConfigurationList section */
		E880A48420B54E71001F580C /* Build configuration list for PBXProject "TheAdventureDads" */ = {
			isa = XCConfigurationList;
			buildConfigurations = (
				E880A49920B54E73001F580C /* Debug */,
				E880A49A20B54E73001F580C /* Release */,
			);
			defaultConfigurationIsVisible = 0;
			defaultConfigurationName = Release;
		};
		E880A49B20B54E73001F580C /* Build configuration list for PBXNativeTarget "TheAdventureDads" */ = {
			isa = XCConfigurationList;
			buildConfigurations = (
				E880A49C20B54E73001F580C /* Debug */,
				E880A49D20B54E73001F580C /* Release */,
			);
			defaultConfigurationIsVisible = 0;
			defaultConfigurationName = Release;
		};
/* End XCConfigurationList section */
	};
	rootObject = E880A48120B54E71001F580C /* Project object */;
}
